
Microsoft Visual Studio Solution File, Format Version 12.00
# Visual Studio 15
VisualStudioVersion = 15.0.26430.13
MinimumVisualStudioVersion = 10.0.40219.1
Project("{FAE04EC0-301F-11D3-BF4B-00C04F79EFBC}") = "project_w55186_(SHOPlite)", "project_bot\project_w55186_(SHOPlite).csproj", "{6585A3E8-0B0B-4476-BC33-9E38D3951974}"
EndProject
Project("{FAE04EC0-301F-11D3-BF4B-00C04F79EFBC}") = "UnitTestProject2", "UnitTestProject2\UnitTestProject2.csproj", "{19C3F29F-EE35-4864-B577-EA610177262D}"
EndProject
Global
	GlobalSection(SolutionConfigurationPlatforms) = preSolution
		Debug|Any CPU = Debug|Any CPU
		Release|Any CPU = Release|Any CPU
	EndGlobalSection
	GlobalSection(ProjectConfigurationPlatforms) = postSolution
		{6585A3E8-0B0B-4476-BC33-9E38D3951974}.Debug|Any CPU.ActiveCfg = Debug|Any CPU
		{6585A3E8-0B0B-4476-BC33-9E38D3951974}.Debug|Any CPU.Build.0 = Debug|Any CPU
		{6585A3E8-0B0B-4476-BC33-9E38D3951974}.Release|Any CPU.ActiveCfg = Release|Any CPU
		{6585A3E8-0B0B-4476-BC33-9E38D3951974}.Release|Any CPU.Build.0 = Release|Any CPU
		{19C3F29F-EE35-4864-B577-EA610177262D}.Debug|Any CPU.ActiveCfg = Debug|Any CPU
		{19C3F29F-EE35-4864-B577-EA610177262D}.Debug|Any CPU.Build.0 = Debug|Any CPU
		{19C3F29F-EE35-4864-B577-EA610177262D}.Release|Any CPU.ActiveCfg = Release|Any CPU
		{19C3F29F-EE35-4864-B577-EA610177262D}.Release|Any CPU.Build.0 = Release|Any CPU
	EndGlobalSection
	GlobalSection(SolutionProperties) = preSolution
		HideSolutionNode = FALSE
	EndGlobalSection
EndGlobal
